
Microsoft Visual Studio Solution File, Format Version 12.00
# Visual Studio Version 17
VisualStudioVersion = 17.1.32210.238
MinimumVisualStudioVersion = 10.0.40219.1
Project("{FAE04EC0-301F-11D3-BF4B-00C04F79EFBC}") = "PraktikumMod3_1302204026", "PraktikumMod3_1302204026.csproj", "{BBF8C8A6-3DDA-4FD7-9AA2-7056A294C783}"
EndProject
Global
	GlobalSection(SolutionConfigurationPlatforms) = preSolution
		Debug|Any CPU = Debug|Any CPU
		Release|Any CPU = Release|Any CPU
	EndGlobalSection
	GlobalSection(ProjectConfigurationPlatforms) = postSolution
		{BBF8C8A6-3DDA-4FD7-9AA2-7056A294C783}.Debug|Any CPU.ActiveCfg = Debug|Any CPU
		{BBF8C8A6-3DDA-4FD7-9AA2-7056A294C783}.Debug|Any CPU.Build.0 = Debug|Any CPU
		{BBF8C8A6-3DDA-4FD7-9AA2-7056A294C783}.Release|Any CPU.ActiveCfg = Release|Any CPU
		{BBF8C8A6-3DDA-4FD7-9AA2-7056A294C783}.Release|Any CPU.Build.0 = Release|Any CPU
	EndGlobalSection
	GlobalSection(SolutionProperties) = preSolution
		HideSolutionNode = FALSE
	EndGlobalSection
	GlobalSection(ExtensibilityGlobals) = postSolution
		SolutionGuid = {593413CA-C38C-4E8E-9818-736EA4EE5153}
	EndGlobalSection
EndGlobal
